
Microsoft Visual Studio Solution File, Format Version 12.00
# Visual Studio 15
VisualStudioVersion = 15.0.28307.271
MinimumVisualStudioVersion = 10.0.40219.1
Project("{9A19103F-16F7-4668-BE54-9A1E7A4F7556}") = "MealOrderApp", "MealOrderApp\MealOrderApp.csproj", "{80370A19-C9D9-4A6B-AD1F-E47EDAD79728}"
EndProject
Project("{9A19103F-16F7-4668-BE54-9A1E7A4F7556}") = "MealOrderAppUnitTests", "MealOrderAppUnitTests\MealOrderAppUnitTests.csproj", "{1D41F504-9253-4751-A901-83E30B96DB27}"
EndProject
Global
	GlobalSection(SolutionConfigurationPlatforms) = preSolution
		Debug|Any CPU = Debug|Any CPU
		Release|Any CPU = Release|Any CPU
	EndGlobalSection
	GlobalSection(ProjectConfigurationPlatforms) = postSolution
		{80370A19-C9D9-4A6B-AD1F-E47EDAD79728}.Debug|Any CPU.ActiveCfg = Debug|Any CPU
		{80370A19-C9D9-4A6B-AD1F-E47EDAD79728}.Debug|Any CPU.Build.0 = Debug|Any CPU
		{80370A19-C9D9-4A6B-AD1F-E47EDAD79728}.Release|Any CPU.ActiveCfg = Release|Any CPU
		{80370A19-C9D9-4A6B-AD1F-E47EDAD79728}.Release|Any CPU.Build.0 = Release|Any CPU
		{1D41F504-9253-4751-A901-83E30B96DB27}.Debug|Any CPU.ActiveCfg = Debug|Any CPU
		{1D41F504-9253-4751-A901-83E30B96DB27}.Debug|Any CPU.Build.0 = Debug|Any CPU
		{1D41F504-9253-4751-A901-83E30B96DB27}.Release|Any CPU.ActiveCfg = Release|Any CPU
		{1D41F504-9253-4751-A901-83E30B96DB27}.Release|Any CPU.Build.0 = Release|Any CPU
	EndGlobalSection
	GlobalSection(SolutionProperties) = preSolution
		HideSolutionNode = FALSE
	EndGlobalSection
	GlobalSection(ExtensibilityGlobals) = postSolution
		SolutionGuid = {47E3445A-C790-4510-8B01-2F730DFBC99C}
	EndGlobalSection
EndGlobal
