
Microsoft Visual Studio Solution File, Format Version 12.00
# Visual Studio 15
VisualStudioVersion = 15.0.28307.271
MinimumVisualStudioVersion = 10.0.40219.1
Project("{FAE04EC0-301F-11D3-BF4B-00C04F79EFBC}") = "MealOrderApp", "MealOrderApp\MealOrderApp.csproj", "{80370A19-C9D9-4A6B-AD1F-E47EDAD79728}"
EndProject
Project("{FAE04EC0-301F-11D3-BF4B-00C04F79EFBC}") = "MealOrderAppTests", "MealOrderAppTests\MealOrderAppTests.csproj", "{EAD93277-7ED7-430C-ADA8-8DB3A58F38D1}"
EndProject
Global
	GlobalSection(SolutionConfigurationPlatforms) = preSolution
		Debug|Any CPU = Debug|Any CPU
		Release|Any CPU = Release|Any CPU
	EndGlobalSection
	GlobalSection(ProjectConfigurationPlatforms) = postSolution
		{80370A19-C9D9-4A6B-AD1F-E47EDAD79728}.Debug|Any CPU.ActiveCfg = Debug|Any CPU
		{80370A19-C9D9-4A6B-AD1F-E47EDAD79728}.Debug|Any CPU.Build.0 = Debug|Any CPU
		{80370A19-C9D9-4A6B-AD1F-E47EDAD79728}.Release|Any CPU.ActiveCfg = Release|Any CPU
		{80370A19-C9D9-4A6B-AD1F-E47EDAD79728}.Release|Any CPU.Build.0 = Release|Any CPU
		{EAD93277-7ED7-430C-ADA8-8DB3A58F38D1}.Debug|Any CPU.ActiveCfg = Debug|Any CPU
		{EAD93277-7ED7-430C-ADA8-8DB3A58F38D1}.Debug|Any CPU.Build.0 = Debug|Any CPU
		{EAD93277-7ED7-430C-ADA8-8DB3A58F38D1}.Release|Any CPU.ActiveCfg = Release|Any CPU
		{EAD93277-7ED7-430C-ADA8-8DB3A58F38D1}.Release|Any CPU.Build.0 = Release|Any CPU
	EndGlobalSection
	GlobalSection(SolutionProperties) = preSolution
		HideSolutionNode = FALSE
	EndGlobalSection
	GlobalSection(ExtensibilityGlobals) = postSolution
		SolutionGuid = {47E3445A-C790-4510-8B01-2F730DFBC99C}
	EndGlobalSection
EndGlobal
